
Microsoft Visual Studio Solution File, Format Version 12.00
# Visual Studio Version 17
VisualStudioVersion = 17.7.34221.43
MinimumVisualStudioVersion = 10.0.40219.1
Project("{FAE04EC0-301F-11D3-BF4B-00C04F79EFBC}") = "PooPractica", "PooPractica\PooPractica.csproj", "{300BAE64-A67F-4CB2-9CA7-765C5FC931ED}"
EndProject
Global
	GlobalSection(SolutionConfigurationPlatforms) = preSolution
		Debug|Any CPU = Debug|Any CPU
		Release|Any CPU = Release|Any CPU
	EndGlobalSection
	GlobalSection(ProjectConfigurationPlatforms) = postSolution
		{300BAE64-A67F-4CB2-9CA7-765C5FC931ED}.Debug|Any CPU.ActiveCfg = Debug|Any CPU
		{300BAE64-A67F-4CB2-9CA7-765C5FC931ED}.Debug|Any CPU.Build.0 = Debug|Any CPU
		{300BAE64-A67F-4CB2-9CA7-765C5FC931ED}.Release|Any CPU.ActiveCfg = Release|Any CPU
		{300BAE64-A67F-4CB2-9CA7-765C5FC931ED}.Release|Any CPU.Build.0 = Release|Any CPU
	EndGlobalSection
	GlobalSection(SolutionProperties) = preSolution
		HideSolutionNode = FALSE
	EndGlobalSection
	GlobalSection(ExtensibilityGlobals) = postSolution
		SolutionGuid = {33DEFA0F-7BF2-4AF6-9DB6-71B27160CD2C}
	EndGlobalSection
EndGlobal
